
Microsoft Visual Studio Solution File, Format Version 12.00
# Visual Studio Version 16
VisualStudioVersion = 16.0.30002.166
MinimumVisualStudioVersion = 10.0.40219.1
Project("{FAE04EC0-301F-11D3-BF4B-00C04F79EFBC}") = "Conference", "Conference\Conference.csproj", "{66EB5CAA-A4BE-4DC0-A0C1-3B0AB0A1877E}"
EndProject
Global
	GlobalSection(SolutionConfigurationPlatforms) = preSolution
		Debug|Any CPU = Debug|Any CPU
		Release|Any CPU = Release|Any CPU
	EndGlobalSection
	GlobalSection(ProjectConfigurationPlatforms) = postSolution
		{66EB5CAA-A4BE-4DC0-A0C1-3B0AB0A1877E}.Debug|Any CPU.ActiveCfg = Debug|Any CPU
		{66EB5CAA-A4BE-4DC0-A0C1-3B0AB0A1877E}.Debug|Any CPU.Build.0 = Debug|Any CPU
		{66EB5CAA-A4BE-4DC0-A0C1-3B0AB0A1877E}.Release|Any CPU.ActiveCfg = Release|Any CPU
		{66EB5CAA-A4BE-4DC0-A0C1-3B0AB0A1877E}.Release|Any CPU.Build.0 = Release|Any CPU
	EndGlobalSection
	GlobalSection(SolutionProperties) = preSolution
		HideSolutionNode = FALSE
	EndGlobalSection
	GlobalSection(ExtensibilityGlobals) = postSolution
		SolutionGuid = {EE19111F-4EE8-42A7-B3EF-5FEB9EA7EFA7}
	EndGlobalSection
EndGlobal
